
Microsoft Visual Studio Solution File, Format Version 12.00
# Visual Studio Version 17
VisualStudioVersion = 17.8.34316.72
MinimumVisualStudioVersion = 10.0.40219.1
Project("{FAE04EC0-301F-11D3-BF4B-00C04F79EFBC}") = "ConsoleApp3", "ConsoleApp3\ConsoleApp3.csproj", "{4FCE8B85-B2C1-4650-A752-8F0BFB4B596C}"
EndProject
Global
	GlobalSection(SolutionConfigurationPlatforms) = preSolution
		Debug|Any CPU = Debug|Any CPU
		Release|Any CPU = Release|Any CPU
	EndGlobalSection
	GlobalSection(ProjectConfigurationPlatforms) = postSolution
		{4FCE8B85-B2C1-4650-A752-8F0BFB4B596C}.Debug|Any CPU.ActiveCfg = Debug|Any CPU
		{4FCE8B85-B2C1-4650-A752-8F0BFB4B596C}.Debug|Any CPU.Build.0 = Debug|Any CPU
		{4FCE8B85-B2C1-4650-A752-8F0BFB4B596C}.Release|Any CPU.ActiveCfg = Release|Any CPU
		{4FCE8B85-B2C1-4650-A752-8F0BFB4B596C}.Release|Any CPU.Build.0 = Release|Any CPU
	EndGlobalSection
	GlobalSection(SolutionProperties) = preSolution
		HideSolutionNode = FALSE
	EndGlobalSection
	GlobalSection(ExtensibilityGlobals) = postSolution
		SolutionGuid = {63CC75EC-3B84-4198-B6D5-AA29FE29A9BC}
	EndGlobalSection
EndGlobal
